{
  "name": "with-dnd-context",
  "version": "1.0.0",
  "lockfileVersion": 1,
  "requires": true,
  "dependencies": {
    "@types/hoist-non-react-statics": {
      "version": "3.3.1",
      "resolved": "http://registry.npm.taobao.org/@types/hoist-non-react-statics/download/@types/hoist-non-react-statics-3.3.1.tgz",
      "integrity": "sha1-ESSq/lEYy1kZd66xzqrtEHDrA58=",
      "dev": true,
      "requires": {
        "@types/react": "16.8.17",
        "hoist-non-react-statics": "3.3.0"
      }
    },
    "@types/prop-types": {
      "version": "15.7.1",
      "resolved": "http://registry.npm.taobao.org/@types/prop-types/download/@types/prop-types-15.7.1.tgz",
      "integrity": "sha1-8aEee6uww8rWgQC+OB0eBkxo8fY=",
      "dev": true
    },
    "@types/react": {
      "version": "16.8.17",
      "resolved": "https://registry.npm.taobao.org/@types/react/download/@types/react-16.8.17.tgz",
      "integrity": "sha1-8oe3alutuTvJqj9UUho+tT1sI3Q=",
      "dev": true,
      "requires": {
        "@types/prop-types": "15.7.1",
        "csstype": "2.6.4"
      }
    },
    "asap": {
      "version": "2.0.6",
      "resolved": "http://registry.npm.taobao.org/asap/download/asap-2.0.6.tgz",
      "integrity": "sha1-5QNHYR1+aQlDIIu9r+vLwvuGbUY="
    },
    "csstype": {
      "version": "2.6.4",
      "resolved": "http://registry.npm.taobao.org/csstype/download/csstype-2.6.4.tgz",
      "integrity": "sha1-1YWmBiCW4yTnGH+A4E+SvQ8A438=",
      "dev": true
    },
    "dnd-core": {
      "version": "7.4.4",
      "resolved": "http://registry.npm.taobao.org/dnd-core/download/dnd-core-7.4.4.tgz",
      "integrity": "sha1-mifZkaHB4ogvp4iOphMtsExznbE=",
      "requires": {
        "asap": "2.0.6",
        "invariant": "2.2.4",
        "redux": "4.0.1"
      }
    },
    "hoist-non-react-statics": {
      "version": "3.3.0",
      "resolved": "http://registry.npm.taobao.org/hoist-non-react-statics/download/hoist-non-react-statics-3.3.0.tgz",
      "integrity": "sha1-sJF48BIhhPuVrPUl2q7LTY9FlYs=",
      "requires": {
        "react-is": "16.8.6"
      }
    },
    "invariant": {
      "version": "2.2.4",
      "resolved": "http://registry.npm.taobao.org/invariant/download/invariant-2.2.4.tgz",
      "integrity": "sha1-YQ88ksk1nOHbYW5TgAjSP/NRWOY=",
      "requires": {
        "loose-envify": "1.4.0"
      }
    },
    "js-tokens": {
      "version": "4.0.0",
      "resolved": "http://registry.npm.taobao.org/js-tokens/download/js-tokens-4.0.0.tgz",
      "integrity": "sha1-GSA/tZmR35jjoocFDUZHzerzJJk="
    },
    "loose-envify": {
      "version": "1.4.0",
      "resolved": "http://registry.npm.taobao.org/loose-envify/download/loose-envify-1.4.0.tgz",
      "integrity": "sha1-ce5R+nvkyuwaY4OffmgtgTLTDK8=",
      "requires": {
        "js-tokens": "4.0.0"
      }
    },
    "object-assign": {
      "version": "4.1.1",
      "resolved": "http://registry.npm.taobao.org/object-assign/download/object-assign-4.1.1.tgz",
      "integrity": "sha1-IQmtx5ZYh8/AXLvUQsrIv7s2CGM="
    },
    "prop-types": {
      "version": "15.7.2",
      "resolved": "http://registry.npm.taobao.org/prop-types/download/prop-types-15.7.2.tgz",
      "integrity": "sha1-UsQedbjIfnK52TYOAga5ncv/psU=",
      "requires": {
        "loose-envify": "1.4.0",
        "object-assign": "4.1.1",
        "react-is": "16.8.6"
      }
    },
    "react": {
      "version": "16.8.6",
      "resolved": "http://registry.npm.taobao.org/react/download/react-16.8.6.tgz",
      "integrity": "sha1-rWw6lhT9Ok6e9REX9U2IjaAfK74=",
      "requires": {
        "loose-envify": "1.4.0",
        "object-assign": "4.1.1",
        "prop-types": "15.7.2",
        "scheduler": "0.13.6"
      }
    },
    "react-dnd": {
      "version": "7.4.5",
      "resolved": "http://registry.npm.taobao.org/react-dnd/download/react-dnd-7.4.5.tgz",
      "integrity": "sha1-y0osl82B9RTYksbMLwIJCMpzgqU=",
      "requires": {
        "dnd-core": "7.4.4",
        "hoist-non-react-statics": "3.3.0",
        "invariant": "2.2.4",
        "shallowequal": "1.1.0"
      }
    },
    "react-dnd-html5-backend": {
      "version": "7.4.4",
      "resolved": "http://registry.npm.taobao.org/react-dnd-html5-backend/download/react-dnd-html5-backend-7.4.4.tgz",
      "integrity": "sha1-M3Llr0ryT2gM11kAx4JgZTnAEiA=",
      "requires": {
        "dnd-core": "7.4.4"
      }
    },
    "react-is": {
      "version": "16.8.6",
      "resolved": "http://registry.npm.taobao.org/react-is/download/react-is-16.8.6.tgz",
      "integrity": "sha1-W7weLSkUHJ+9/tRWND/ivEMKahY="
    },
    "redux": {
      "version": "4.0.1",
      "resolved": "http://registry.npm.taobao.org/redux/download/redux-4.0.1.tgz",
      "integrity": "sha1-Q2yubMQPvkcnaJ18j65EgI8b/vU=",
      "requires": {
        "loose-envify": "1.4.0",
        "symbol-observable": "1.2.0"
      }
    },
    "scheduler": {
      "version": "0.13.6",
      "resolved": "http://registry.npm.taobao.org/scheduler/download/scheduler-0.13.6.tgz",
      "integrity": "sha1-RmpOwzJGezGpG5v3TlNHBy5M2Ik=",
      "requires": {
        "loose-envify": "1.4.0",
        "object-assign": "4.1.1"
      }
    },
    "shallowequal": {
      "version": "1.1.0",
      "resolved": "http://registry.npm.taobao.org/shallowequal/download/shallowequal-1.1.0.tgz",
      "integrity": "sha1-GI1SHelbkIdAT9TctosT3wrk5/g="
    },
    "symbol-observable": {
      "version": "1.2.0",
      "resolved": "http://registry.npm.taobao.org/symbol-observable/download/symbol-observable-1.2.0.tgz",
      "integrity": "sha1-wiaIrtTqs83C3+rLtWFmBWCgCAQ="
    },
    "typescript": {
      "version": "3.4.5",
      "resolved": "https://registry.npm.taobao.org/typescript/download/typescript-3.4.5.tgz",
      "integrity": "sha1-LSYY0Qu1ZlcrjXqtUYDYQlfXCpk=",
      "dev": true
    }
  }
}
